{
  "name": "campusmarket",
  "version": "1.0.0",
  "lockfileVersion": 3,
  "requires": true,
  "type": "module",
  "packages": {
    "": {
      "name": "campusmarket",
      "version": "1.0.0",
      "license": "ISC"
    }
  },
  "devDependencies": {
    "@types/react": "^18.2.0",
    "@vitejs/plugin-react": "^4.2.1",
    "autoprefixer": "^10.5.0",
    "postcss": "^8.5.10",
    "tailwindcss": "^4.2.2",
    "vite": "^5.0.11"
  },
  "scripts": {
    "build": "vite build",
    "dev": "vite",
    "preview": "vite preview"
  }
}
